
Microsoft Visual Studio Solution File, Format Version 12.00
# Visual Studio Version 17
VisualStudioVersion = 17.14.36221.1 d17.14
MinimumVisualStudioVersion = 10.0.40219.1
Project("{FAE04EC0-301F-11D3-BF4B-00C04F79EFBC}") = "ASP.NET.Core.Web.API", "ASP.NET.Core.Web.API.csproj", "{32741CD5-33B2-4500-AAFB-382893C9352D}"
EndProject
Global
	GlobalSection(SolutionConfigurationPlatforms) = preSolution
		Debug|Any CPU = Debug|Any CPU
		Release|Any CPU = Release|Any CPU
	EndGlobalSection
	GlobalSection(ProjectConfigurationPlatforms) = postSolution
		{32741CD5-33B2-4500-AAFB-382893C9352D}.Debug|Any CPU.ActiveCfg = Debug|Any CPU
		{32741CD5-33B2-4500-AAFB-382893C9352D}.Debug|Any CPU.Build.0 = Debug|Any CPU
		{32741CD5-33B2-4500-AAFB-382893C9352D}.Release|Any CPU.ActiveCfg = Release|Any CPU
		{32741CD5-33B2-4500-AAFB-382893C9352D}.Release|Any CPU.Build.0 = Release|Any CPU
	EndGlobalSection
	GlobalSection(SolutionProperties) = preSolution
		HideSolutionNode = FALSE
	EndGlobalSection
	GlobalSection(ExtensibilityGlobals) = postSolution
		SolutionGuid = {0806D510-F378-4CF3-9452-BA0F07F8CA58}
	EndGlobalSection
EndGlobal
